
Microsoft Visual Studio Solution File, Format Version 12.00
# Visual Studio Version 16
VisualStudioVersion = 16.0.33927.289
MinimumVisualStudioVersion = 10.0.40219.1
Project("{FAE04EC0-301F-11D3-BF4B-00C04F79EFBC}") = "RestApi_WinForms_03.05", "RestApi_WinForms_03.05\RestApi_WinForms_03.05.csproj", "{948DF883-E4A0-4841-907D-E8340E0BD959}"
EndProject
Global
	GlobalSection(SolutionConfigurationPlatforms) = preSolution
		Debug|Any CPU = Debug|Any CPU
		Release|Any CPU = Release|Any CPU
	EndGlobalSection
	GlobalSection(ProjectConfigurationPlatforms) = postSolution
		{948DF883-E4A0-4841-907D-E8340E0BD959}.Debug|Any CPU.ActiveCfg = Debug|Any CPU
		{948DF883-E4A0-4841-907D-E8340E0BD959}.Debug|Any CPU.Build.0 = Debug|Any CPU
		{948DF883-E4A0-4841-907D-E8340E0BD959}.Release|Any CPU.ActiveCfg = Release|Any CPU
		{948DF883-E4A0-4841-907D-E8340E0BD959}.Release|Any CPU.Build.0 = Release|Any CPU
	EndGlobalSection
	GlobalSection(SolutionProperties) = preSolution
		HideSolutionNode = FALSE
	EndGlobalSection
	GlobalSection(ExtensibilityGlobals) = postSolution
		SolutionGuid = {DB83FDF2-6654-4CEC-B77D-3C0080022F12}
	EndGlobalSection
EndGlobal
